{
	"requires": true,
	"lockfileVersion": 1,
	"dependencies": {
		"@babel/standalone": {
			"version": "7.12.9",
			"resolved": "https://registry.npmjs.org/@babel/standalone/-/standalone-7.12.9.tgz",
			"integrity": "sha512-7SFBBNPjEZnN3dlnOcTa08XLkGUUmZX6Aab2rdeVBfI/bBaZXRRMx5XIMU8piZMVJI+jxu4j7gu0E/yRWmtS4w==",
			"dev": true
		},
		"@wmr-plugins/nomodule": {
			"version": "0.0.5",
			"resolved": "https://registry.npmjs.org/@wmr-plugins/nomodule/-/nomodule-0.0.5.tgz",
			"integrity": "sha512-dTbz219MfVPBRyFAMk3drCBxu6fF+YdcMtiDt/BRELI4jjwb8nlPSgmjvCIPNm/2Y6TAaS9VmZOl2Zjon6LvBA==",
			"dev": true,
			"requires": {
				"@babel/standalone": "^7.11.6"
			}
		}
	}
}
