# THIS IS AN AUTOGENERATED FILE. DO NOT EDIT THIS FILE DIRECTLY.
# yarn lockfile v1


"@wmr-plugins/directory-import@0.1.1":
  version "0.1.1"
  resolved "https://registry.yarnpkg.com/@wmr-plugins/directory-import/-/directory-import-0.1.1.tgz#7f30cf9a5437e1321ba6228da6294dc641d703cb"
  integrity sha512-js/nZrC0Y+fItAYicRTvv6oflk1toPY0FdFS+uiXQ44bd1C1swbR2/dyV713dgBXnFZK2RX6sMq2k3fv/LKgqw==

fsevents@^2.1.3:
  version "2.3.2"
  resolved "https://registry.yarnpkg.com/fsevents/-/fsevents-2.3.2.tgz#8a526f78b8fdf4623b709e0b975c52c24c02fd1a"
  integrity sha512-xiqMQR4xAeHTuB9uWm+fFRcIOgKBMiOBP+eXiyT7jsgVCq1bkVygt00oASowB7EdtpOHaaPgKt812P9ab+DDKA==

wmr@1.3.2:
  version "1.3.2"
  resolved "https://registry.yarnpkg.com/wmr/-/wmr-1.3.2.tgz#23730dc5ffb4a2449932808013e5de862d6da395"
  integrity sha512-XOj9OXpQ9LsZJPQSdo5poiielifmXMp3QF2DxFdmu01LxT0ohd6iqPi9Qj3eqExH3O9srD1yG/HOwxQRAly0Wg==
